
Microsoft Visual Studio Solution File, Format Version 12.00
# Visual Studio 15
VisualStudioVersion = 15.0.28307.852
MinimumVisualStudioVersion = 10.0.40219.1
Project("{FAE04EC0-301F-11D3-BF4B-00C04F79EFBC}") = "Kapos_Restaurante_VCliente_Pruebas", "Kapos_Restaurante_VCliente_Pruebas\Kapos_Restaurante_VCliente_Pruebas.csproj", "{9C2F1B2D-8C46-4689-9733-C023353ABDCA}"
EndProject
Global
	GlobalSection(SolutionConfigurationPlatforms) = preSolution
		Debug|Any CPU = Debug|Any CPU
		Release|Any CPU = Release|Any CPU
	EndGlobalSection
	GlobalSection(ProjectConfigurationPlatforms) = postSolution
		{9C2F1B2D-8C46-4689-9733-C023353ABDCA}.Debug|Any CPU.ActiveCfg = Debug|Any CPU
		{9C2F1B2D-8C46-4689-9733-C023353ABDCA}.Debug|Any CPU.Build.0 = Debug|Any CPU
		{9C2F1B2D-8C46-4689-9733-C023353ABDCA}.Release|Any CPU.ActiveCfg = Release|Any CPU
		{9C2F1B2D-8C46-4689-9733-C023353ABDCA}.Release|Any CPU.Build.0 = Release|Any CPU
	EndGlobalSection
	GlobalSection(SolutionProperties) = preSolution
		HideSolutionNode = FALSE
	EndGlobalSection
	GlobalSection(ExtensibilityGlobals) = postSolution
		SolutionGuid = {7A24D62B-5452-4482-8B67-22924C08A403}
	EndGlobalSection
EndGlobal
